
Microsoft Visual Studio Solution File, Format Version 12.00
# Visual Studio Version 17
VisualStudioVersion = 17.10.35027.167
MinimumVisualStudioVersion = 10.0.40219.1
Project("{FAE04EC0-301F-11D3-BF4B-00C04F79EFBC}") = "KampIntro1", "KampIntro1\KampIntro1.csproj", "{04BF4B19-27FE-4185-A284-F7DAA0E7902E}"
EndProject
Project("{FAE04EC0-301F-11D3-BF4B-00C04F79EFBC}") = "ClassIntro", "ClassIntro\ClassIntro.csproj", "{043E2FEC-7E19-48A8-B012-62B246A6E5FF}"
EndProject
Project("{9A19103F-16F7-4668-BE54-9A1E7A4F7556}") = "Metotlar", "Metotlar\Metotlar.csproj", "{987E3D3C-4E78-49AC-B8B8-91407836C3E8}"
EndProject
Project("{9A19103F-16F7-4668-BE54-9A1E7A4F7556}") = "Matematik", "Matematik\Matematik.csproj", "{EBB69D2A-6ECB-44E8-B17A-CA0ABB97E56B}"
EndProject
Project("{9A19103F-16F7-4668-BE54-9A1E7A4F7556}") = "DegerVeReferansTipler", "DegerVeReferansTipler\DegerVeReferansTipler.csproj", "{BF493AD8-8540-4078-8240-F2480D2BEAE4}"
EndProject
Project("{9A19103F-16F7-4668-BE54-9A1E7A4F7556}") = "deneme1", "deneme1\deneme1.csproj", "{852D6DDB-946A-461B-B731-9A989A698FF9}"
EndProject
Project("{9A19103F-16F7-4668-BE54-9A1E7A4F7556}") = "ClassMetotDemo", "ClassMetotDemo\ClassMetotDemo.csproj", "{49461AB6-FA98-4753-8EBA-5CBADDB08EA6}"
EndProject
Project("{9A19103F-16F7-4668-BE54-9A1E7A4F7556}") = "OOP1", "OOP1\OOP1.csproj", "{2397255F-3201-4A73-BBA0-C88FB55A2712}"
EndProject
Project("{9A19103F-16F7-4668-BE54-9A1E7A4F7556}") = "Koleksiyonlar", "Koleksiyonlar\Koleksiyonlar.csproj", "{3C2010C5-EAB8-4110-AC81-CD7988972E08}"
EndProject
Project("{FAE04EC0-301F-11D3-BF4B-00C04F79EFBC}") = "GenericsIntro", "GenericsIntro\GenericsIntro.csproj", "{0B8F4D92-8CCF-408C-8425-B99DABB63D3D}"
EndProject
Project("{FAE04EC0-301F-11D3-BF4B-00C04F79EFBC}") = "OOP2", "OOP2\OOP2.csproj", "{5AEDD8DA-A773-41B8-B364-65A0DD346663}"
EndProject
Project("{FAE04EC0-301F-11D3-BF4B-00C04F79EFBC}") = "OOP3", "OOP3\OOP3.csproj", "{2E1B3C13-9119-4F5F-9E4C-6F234E9B2A00}"
EndProject
Global
	GlobalSection(SolutionConfigurationPlatforms) = preSolution
		Debug|Any CPU = Debug|Any CPU
		Release|Any CPU = Release|Any CPU
	EndGlobalSection
	GlobalSection(ProjectConfigurationPlatforms) = postSolution
		{04BF4B19-27FE-4185-A284-F7DAA0E7902E}.Debug|Any CPU.ActiveCfg = Debug|Any CPU
		{04BF4B19-27FE-4185-A284-F7DAA0E7902E}.Debug|Any CPU.Build.0 = Debug|Any CPU
		{04BF4B19-27FE-4185-A284-F7DAA0E7902E}.Release|Any CPU.ActiveCfg = Release|Any CPU
		{04BF4B19-27FE-4185-A284-F7DAA0E7902E}.Release|Any CPU.Build.0 = Release|Any CPU
		{043E2FEC-7E19-48A8-B012-62B246A6E5FF}.Debug|Any CPU.ActiveCfg = Debug|Any CPU
		{043E2FEC-7E19-48A8-B012-62B246A6E5FF}.Debug|Any CPU.Build.0 = Debug|Any CPU
		{043E2FEC-7E19-48A8-B012-62B246A6E5FF}.Release|Any CPU.ActiveCfg = Release|Any CPU
		{043E2FEC-7E19-48A8-B012-62B246A6E5FF}.Release|Any CPU.Build.0 = Release|Any CPU
		{987E3D3C-4E78-49AC-B8B8-91407836C3E8}.Debug|Any CPU.ActiveCfg = Debug|Any CPU
		{987E3D3C-4E78-49AC-B8B8-91407836C3E8}.Debug|Any CPU.Build.0 = Debug|Any CPU
		{987E3D3C-4E78-49AC-B8B8-91407836C3E8}.Release|Any CPU.ActiveCfg = Release|Any CPU
		{987E3D3C-4E78-49AC-B8B8-91407836C3E8}.Release|Any CPU.Build.0 = Release|Any CPU
		{EBB69D2A-6ECB-44E8-B17A-CA0ABB97E56B}.Debug|Any CPU.ActiveCfg = Debug|Any CPU
		{EBB69D2A-6ECB-44E8-B17A-CA0ABB97E56B}.Debug|Any CPU.Build.0 = Debug|Any CPU
		{EBB69D2A-6ECB-44E8-B17A-CA0ABB97E56B}.Release|Any CPU.ActiveCfg = Release|Any CPU
		{EBB69D2A-6ECB-44E8-B17A-CA0ABB97E56B}.Release|Any CPU.Build.0 = Release|Any CPU
		{BF493AD8-8540-4078-8240-F2480D2BEAE4}.Debug|Any CPU.ActiveCfg = Debug|Any CPU
		{BF493AD8-8540-4078-8240-F2480D2BEAE4}.Debug|Any CPU.Build.0 = Debug|Any CPU
		{BF493AD8-8540-4078-8240-F2480D2BEAE4}.Release|Any CPU.ActiveCfg = Release|Any CPU
		{BF493AD8-8540-4078-8240-F2480D2BEAE4}.Release|Any CPU.Build.0 = Release|Any CPU
		{852D6DDB-946A-461B-B731-9A989A698FF9}.Debug|Any CPU.ActiveCfg = Debug|Any CPU
		{852D6DDB-946A-461B-B731-9A989A698FF9}.Debug|Any CPU.Build.0 = Debug|Any CPU
		{852D6DDB-946A-461B-B731-9A989A698FF9}.Release|Any CPU.ActiveCfg = Release|Any CPU
		{852D6DDB-946A-461B-B731-9A989A698FF9}.Release|Any CPU.Build.0 = Release|Any CPU
		{49461AB6-FA98-4753-8EBA-5CBADDB08EA6}.Debug|Any CPU.ActiveCfg = Debug|Any CPU
		{49461AB6-FA98-4753-8EBA-5CBADDB08EA6}.Debug|Any CPU.Build.0 = Debug|Any CPU
		{49461AB6-FA98-4753-8EBA-5CBADDB08EA6}.Release|Any CPU.ActiveCfg = Release|Any CPU
		{49461AB6-FA98-4753-8EBA-5CBADDB08EA6}.Release|Any CPU.Build.0 = Release|Any CPU
		{2397255F-3201-4A73-BBA0-C88FB55A2712}.Debug|Any CPU.ActiveCfg = Debug|Any CPU
		{2397255F-3201-4A73-BBA0-C88FB55A2712}.Debug|Any CPU.Build.0 = Debug|Any CPU
		{2397255F-3201-4A73-BBA0-C88FB55A2712}.Release|Any CPU.ActiveCfg = Release|Any CPU
		{2397255F-3201-4A73-BBA0-C88FB55A2712}.Release|Any CPU.Build.0 = Release|Any CPU
		{3C2010C5-EAB8-4110-AC81-CD7988972E08}.Debug|Any CPU.ActiveCfg = Debug|Any CPU
		{3C2010C5-EAB8-4110-AC81-CD7988972E08}.Debug|Any CPU.Build.0 = Debug|Any CPU
		{3C2010C5-EAB8-4110-AC81-CD7988972E08}.Release|Any CPU.ActiveCfg = Release|Any CPU
		{3C2010C5-EAB8-4110-AC81-CD7988972E08}.Release|Any CPU.Build.0 = Release|Any CPU
		{0B8F4D92-8CCF-408C-8425-B99DABB63D3D}.Debug|Any CPU.ActiveCfg = Debug|Any CPU
		{0B8F4D92-8CCF-408C-8425-B99DABB63D3D}.Debug|Any CPU.Build.0 = Debug|Any CPU
		{0B8F4D92-8CCF-408C-8425-B99DABB63D3D}.Release|Any CPU.ActiveCfg = Release|Any CPU
		{0B8F4D92-8CCF-408C-8425-B99DABB63D3D}.Release|Any CPU.Build.0 = Release|Any CPU
		{5AEDD8DA-A773-41B8-B364-65A0DD346663}.Debug|Any CPU.ActiveCfg = Debug|Any CPU
		{5AEDD8DA-A773-41B8-B364-65A0DD346663}.Debug|Any CPU.Build.0 = Debug|Any CPU
		{5AEDD8DA-A773-41B8-B364-65A0DD346663}.Release|Any CPU.ActiveCfg = Release|Any CPU
		{5AEDD8DA-A773-41B8-B364-65A0DD346663}.Release|Any CPU.Build.0 = Release|Any CPU
		{2E1B3C13-9119-4F5F-9E4C-6F234E9B2A00}.Debug|Any CPU.ActiveCfg = Debug|Any CPU
		{2E1B3C13-9119-4F5F-9E4C-6F234E9B2A00}.Debug|Any CPU.Build.0 = Debug|Any CPU
		{2E1B3C13-9119-4F5F-9E4C-6F234E9B2A00}.Release|Any CPU.ActiveCfg = Release|Any CPU
		{2E1B3C13-9119-4F5F-9E4C-6F234E9B2A00}.Release|Any CPU.Build.0 = Release|Any CPU
	EndGlobalSection
	GlobalSection(SolutionProperties) = preSolution
		HideSolutionNode = FALSE
	EndGlobalSection
	GlobalSection(ExtensibilityGlobals) = postSolution
		SolutionGuid = {D3DE851C-1879-4D9F-BAAA-54DABAA2C591}
	EndGlobalSection
EndGlobal
